// !$*UTF8*$!
{
	archiveVersion = 1;
	classes = {
	};
	objectVersion = 55;
	objects = {

/* Begin PBXBuildFile section */
		0780597D2731D9E5006B2817 /* CWApp.swift in Sources */ = {isa = PBXBuildFile; fileRef = 0780597C2731D9E5006B2817 /* CWApp.swift */; };
		078059812731D9E7006B2817 /* Assets.xcassets in Resources */ = {isa = PBXBuildFile; fileRef = 078059802731D9E7006B2817 /* Assets.xcassets */; };
		078059842731D9E7006B2817 /* Preview Assets.xcassets in Resources */ = {isa = PBXBuildFile; fileRef = 078059832731D9E7006B2817 /* Preview Assets.xcassets */; };
		078059952733087B006B2817 /* CardDeck.swift in Sources */ = {isa = PBXBuildFile; fileRef = 078059942733087B006B2817 /* CardDeck.swift */; };
		07805997273311C9006B2817 /* CWRulesView.swift in Sources */ = {isa = PBXBuildFile; fileRef = 07805996273311C9006B2817 /* CWRulesView.swift */; };
		0780599927331C84006B2817 /* RandomCardTimer.swift in Sources */ = {isa = PBXBuildFile; fileRef = 0780599827331C84006B2817 /* RandomCardTimer.swift */; };
		0780599B27331CCB006B2817 /* CWMainView.swift in Sources */ = {isa = PBXBuildFile; fileRef = 0780599A27331CCB006B2817 /* CWMainView.swift */; };
		0780599F27332CB5006B2817 /* CWButtonStyle.swift in Sources */ = {isa = PBXBuildFile; fileRef = 0780599E27332CB5006B2817 /* CWButtonStyle.swift */; };
/* End PBXBuildFile section */

/* Begin PBXFileReference section */
		078059792731D9E5006B2817 /* CardWorkout-SwiftUI.app */ = {isa = PBXFileReference; explicitFileType = wrapper.application; includeInIndex = 0; path = "CardWorkout-SwiftUI.app"; sourceTree = BUILT_PRODUCTS_DIR; };
		0780597C2731D9E5006B2817 /* CWApp.swift */ = {isa = PBXFileReference; lastKnownFileType = sourcecode.swift; path = CWApp.swift; sourceTree = "<group>"; };
		078059802731D9E7006B2817 /* Assets.xcassets */ = {isa = PBXFileReference; lastKnownFileType = folder.assetcatalog; path = Assets.xcassets; sourceTree = "<group>"; };
		078059832731D9E7006B2817 /* Preview Assets.xcassets */ = {isa = PBXFileReference; lastKnownFileType = folder.assetcatalog; path = "Preview Assets.xcassets"; sourceTree = "<group>"; };
		078059942733087B006B2817 /* CardDeck.swift */ = {isa = PBXFileReference; lastKnownFileType = sourcecode.swift; path = CardDeck.swift; sourceTree = "<group>"; };
		07805996273311C9006B2817 /* CWRulesView.swift */ = {isa = PBXFileReference; lastKnownFileType = sourcecode.swift; path = CWRulesView.swift; sourceTree = "<group>"; };
		0780599827331C84006B2817 /* RandomCardTimer.swift */ = {isa = PBXFileReference; lastKnownFileType = sourcecode.swift; path = RandomCardTimer.swift; sourceTree = "<group>"; };
		0780599A27331CCB006B2817 /* CWMainView.swift */ = {isa = PBXFileReference; lastKnownFileType = sourcecode.swift; path = CWMainView.swift; sourceTree = "<group>"; };
		0780599E27332CB5006B2817 /* CWButtonStyle.swift */ = {isa = PBXFileReference; lastKnownFileType = sourcecode.swift; path = CWButtonStyle.swift; sourceTree = "<group>"; };
/* End PBXFileReference section */

/* Begin PBXFrameworksBuildPhase section */
		078059762731D9E5006B2817 /* Frameworks */ = {
			isa = PBXFrameworksBuildPhase;
			buildActionMask = 2147483647;
			files = (
			);
			runOnlyForDeploymentPostprocessing = 0;
		};
/* End PBXFrameworksBuildPhase section */

/* Begin PBXGroup section */
		078059702731D9E5006B2817 = {
			isa = PBXGroup;
			children = (
				0780597B2731D9E5006B2817 /* CardWorkout-SwiftUI */,
				0780597A2731D9E5006B2817 /* Products */,
			);
			sourceTree = "<group>";
		};
		0780597A2731D9E5006B2817 /* Products */ = {
			isa = PBXGroup;
			children = (
				078059792731D9E5006B2817 /* CardWorkout-SwiftUI.app */,
			);
			name = Products;
			sourceTree = "<group>";
		};
		0780597B2731D9E5006B2817 /* CardWorkout-SwiftUI */ = {
			isa = PBXGroup;
			children = (
				078059942733087B006B2817 /* CardDeck.swift */,
				0780597C2731D9E5006B2817 /* CWApp.swift */,
				0780599E27332CB5006B2817 /* CWButtonStyle.swift */,
				0780599A27331CCB006B2817 /* CWMainView.swift */,
				07805996273311C9006B2817 /* CWRulesView.swift */,
				0780599827331C84006B2817 /* RandomCardTimer.swift */,
				078059802731D9E7006B2817 /* Assets.xcassets */,
				078059822731D9E7006B2817 /* Preview Content */,
			);
			path = "CardWorkout-SwiftUI";
			sourceTree = "<group>";
		};
		078059822731D9E7006B2817 /* Preview Content */ = {
			isa = PBXGroup;
			children = (
				078059832731D9E7006B2817 /* Preview Assets.xcassets */,
			);
			path = "Preview Content";
			sourceTree = "<group>";
		};
/* End PBXGroup section */

/* Begin PBXNativeTarget section */
		078059782731D9E5006B2817 /* CardWorkout-SwiftUI */ = {
			isa = PBXNativeTarget;
			buildConfigurationList = 078059872731D9E7006B2817 /* Build configuration list for PBXNativeTarget "CardWorkout-SwiftUI" */;
			buildPhases = (
				078059752731D9E5006B2817 /* Sources */,
				078059762731D9E5006B2817 /* Frameworks */,
				078059772731D9E5006B2817 /* Resources */,
			);
			buildRules = (
			);
			dependencies = (
			);
			name = "CardWorkout-SwiftUI";
			productName = "CardWorkout-SwiftUI";
			productReference = 078059792731D9E5006B2817 /* CardWorkout-SwiftUI.app */;
			productType = "com.apple.product-type.application";
		};
/* End PBXNativeTarget section */

/* Begin PBXProject section */
		078059712731D9E5006B2817 /* Project object */ = {
			isa = PBXProject;
			attributes = {
				BuildIndependentTargetsInParallel = 1;
				LastSwiftUpdateCheck = 1310;
				LastUpgradeCheck = 1310;
				TargetAttributes = {
					078059782731D9E5006B2817 = {
						CreatedOnToolsVersion = 13.1;
					};
				};
			};
			buildConfigurationList = 078059742731D9E5006B2817 /* Build configuration list for PBXProject "CardWorkout-SwiftUI" */;
			compatibilityVersion = "Xcode 13.0";
			developmentRegion = en;
			hasScannedForEncodings = 0;
			knownRegions = (
				en,
				Base,
			);
			mainGroup = 078059702731D9E5006B2817;
			productRefGroup = 0780597A2731D9E5006B2817 /* Products */;
			projectDirPath = "";
			projectRoot = "";
			targets = (
				078059782731D9E5006B2817 /* CardWorkout-SwiftUI */,
			);
		};
/* End PBXProject section */

/* Begin PBXResourcesBuildPhase section */
		078059772731D9E5006B2817 /* Resources */ = {
			isa = PBXResourcesBuildPhase;
			buildActionMask = 2147483647;
			files = (
				078059842731D9E7006B2817 /* Preview Assets.xcassets in Resources */,
				078059812731D9E7006B2817 /* Assets.xcassets in Resources */,
			);
			runOnlyForDeploymentPostprocessing = 0;
		};
/* End PBXResourcesBuildPhase section */

/* Begin PBXSourcesBuildPhase section */
		078059752731D9E5006B2817 /* Sources */ = {
			isa = PBXSourcesBuildPhase;
			buildActionMask = 2147483647;
			files = (
				078059952733087B006B2817 /* CardDeck.swift in Sources */,
				07805997273311C9006B2817 /* CWRulesView.swift in Sources */,
				0780599927331C84006B2817 /* RandomCardTimer.swift in Sources */,
				0780599F27332CB5006B2817 /* CWButtonStyle.swift in Sources */,
				0780597D2731D9E5006B2817 /* CWApp.swift in Sources */,
				0780599B27331CCB006B2817 /* CWMainView.swift in Sources */,
			);
			runOnlyForDeploymentPostprocessing = 0;
		};
/* End PBXSourcesBuildPhase section */

/* Begin XCBuildConfiguration section */
		078059852731D9E7006B2817 /* Debug */ = {
			isa = XCBuildConfiguration;
			buildSettings = {
				ALWAYS_SEARCH_USER_PATHS = NO;
				CLANG_ANALYZER_NONNULL = YES;
				CLANG_ANALYZER_NUMBER_OBJECT_CONVERSION = YES_AGGRESSIVE;
				CLANG_CXX_LANGUAGE_STANDARD = "gnu++17";
				CLANG_CXX_LIBRARY = "libc++";
				CLANG_ENABLE_MODULES = YES;
				CLANG_ENABLE_OBJC_ARC = YES;
				CLANG_ENABLE_OBJC_WEAK = YES;
				CLANG_WARN_BLOCK_CAPTURE_AUTORELEASING = YES;
				CLANG_WARN_BOOL_CONVERSION = YES;
				CLANG_WARN_COMMA = YES;
				CLANG_WARN_CONSTANT_CONVERSION = YES;
				CLANG_WARN_DEPRECATED_OBJC_IMPLEMENTATIONS = YES;
				CLANG_WARN_DIRECT_OBJC_ISA_USAGE = YES_ERROR;
				CLANG_WARN_DOCUMENTATION_COMMENTS = YES;
				CLANG_WARN_EMPTY_BODY = YES;
				CLANG_WARN_ENUM_CONVERSION = YES;
				CLANG_WARN_INFINITE_RECURSION = YES;
				CLANG_WARN_INT_CONVERSION = YES;
				CLANG_WARN_NON_LITERAL_NULL_CONVERSION = YES;
				CLANG_WARN_OBJC_IMPLICIT_RETAIN_SELF = YES;
				CLANG_WARN_OBJC_LITERAL_CONVERSION = YES;
				CLANG_WARN_OBJC_ROOT_CLASS = YES_ERROR;
				CLANG_WARN_QUOTED_INCLUDE_IN_FRAMEWORK_HEADER = YES;
				CLANG_WARN_RANGE_LOOP_ANALYSIS = YES;
				CLANG_WARN_STRICT_PROTOTYPES = YES;
				CLANG_WARN_SUSPICIOUS_MOVE = YES;
				CLANG_WARN_UNGUARDED_AVAILABILITY = YES_AGGRESSIVE;
				CLANG_WARN_UNREACHABLE_CODE = YES;
				CLANG_WARN__DUPLICATE_METHOD_MATCH = YES;
				COPY_PHASE_STRIP = NO;
				DEBUG_INFORMATION_FORMAT = dwarf;
				EMBED_ASSET_PACKS_IN_PRODUCT_BUNDLE = NO;
				ENABLE_STRICT_OBJC_MSGSEND = YES;
				ENABLE_TESTABILITY = YES;
				GCC_C_LANGUAGE_STANDARD = gnu11;
				GCC_DYNAMIC_NO_PIC = NO;
				GCC_NO_COMMON_BLOCKS = YES;
				GCC_OPTIMIZATION_LEVEL = 0;
				GCC_PREPROCESSOR_DEFINITIONS = (
					"DEBUG=1",
					"$(inherited)",
				);
				GCC_WARN_64_TO_32_BIT_CONVERSION = YES;
				GCC_WARN_ABOUT_RETURN_TYPE = YES_ERROR;
				GCC_WARN_UNDECLARED_SELECTOR = YES;
				GCC_WARN_UNINITIALIZED_AUTOS = YES_AGGRESSIVE;
				GCC_WARN_UNUSED_FUNCTION = YES;
				GCC_WARN_UNUSED_VARIABLE = YES;
				IPHONEOS_DEPLOYMENT_TARGET = 15.0;
				MTL_ENABLE_DEBUG_INFO = INCLUDE_SOURCE;
				MTL_FAST_MATH = YES;
				ONLY_ACTIVE_ARCH = YES;
				SDKROOT = iphoneos;
				SWIFT_ACTIVE_COMPILATION_CONDITIONS = DEBUG;
				SWIFT_OPTIMIZATION_LEVEL = "-Onone";
			};
			name = Debug;
		};
		078059862731D9E7006B2817 /* Release */ = {
			isa = XCBuildConfiguration;
			buildSettings = {
				ALWAYS_SEARCH_USER_PATHS = NO;
				CLANG_ANALYZER_NONNULL = YES;
				CLANG_ANALYZER_NUMBER_OBJECT_CONVERSION = YES_AGGRESSIVE;
				CLANG_CXX_LANGUAGE_STANDARD = "gnu++17";
				CLANG_CXX_LIBRARY = "libc++";
				CLANG_ENABLE_MODULES = YES;
				CLANG_ENABLE_OBJC_ARC = YES;
				CLANG_ENABLE_OBJC_WEAK = YES;
				CLANG_WARN_BLOCK_CAPTURE_AUTORELEASING = YES;
				CLANG_WARN_BOOL_CONVERSION = YES;
				CLANG_WARN_COMMA = YES;
				CLANG_WARN_CONSTANT_CONVERSION = YES;
				CLANG_WARN_DEPRECATED_OBJC_IMPLEMENTATIONS = YES;
				CLANG_WARN_DIRECT_OBJC_ISA_USAGE = YES_ERROR;
				CLANG_WARN_DOCUMENTATION_COMMENTS = YES;
				CLANG_WARN_EMPTY_BODY = YES;
				CLANG_WARN_ENUM_CONVERSION = YES;
				CLANG_WARN_INFINITE_RECURSION = YES;
				CLANG_WARN_INT_CONVERSION = YES;
				CLANG_WARN_NON_LITERAL_NULL_CONVERSION = YES;
				CLANG_WARN_OBJC_IMPLICIT_RETAIN_SELF = YES;
				CLANG_WARN_OBJC_LITERAL_CONVERSION = YES;
				CLANG_WARN_OBJC_ROOT_CLASS = YES_ERROR;
				CLANG_WARN_QUOTED_INCLUDE_IN_FRAMEWORK_HEADER = YES;
				CLANG_WARN_RANGE_LOOP_ANALYSIS = YES;
				CLANG_WARN_STRICT_PROTOTYPES = YES;
				CLANG_WARN_SUSPICIOUS_MOVE = YES;
				CLANG_WARN_UNGUARDED_AVAILABILITY = YES_AGGRESSIVE;
				CLANG_WARN_UNREACHABLE_CODE = YES;
				CLANG_WARN__DUPLICATE_METHOD_MATCH = YES;
				COPY_PHASE_STRIP = NO;
				DEBUG_INFORMATION_FORMAT = "dwarf-with-dsym";
				EMBED_ASSET_PACKS_IN_PRODUCT_BUNDLE = NO;
				ENABLE_NS_ASSERTIONS = NO;
				ENABLE_STRICT_OBJC_MSGSEND = YES;
				GCC_C_LANGUAGE_STANDARD = gnu11;
				GCC_NO_COMMON_BLOCKS = YES;
				GCC_WARN_64_TO_32_BIT_CONVERSION = YES;
				GCC_WARN_ABOUT_RETURN_TYPE = YES_ERROR;
				GCC_WARN_UNDECLARED_SELECTOR = YES;
				GCC_WARN_UNINITIALIZED_AUTOS = YES_AGGRESSIVE;
				GCC_WARN_UNUSED_FUNCTION = YES;
				GCC_WARN_UNUSED_VARIABLE = YES;
				IPHONEOS_DEPLOYMENT_TARGET = 15.0;
				MTL_ENABLE_DEBUG_INFO = NO;
				MTL_FAST_MATH = YES;
				SDKROOT = iphoneos;
				SWIFT_COMPILATION_MODE = wholemodule;
				SWIFT_OPTIMIZATION_LEVEL = "-O";
				VALIDATE_PRODUCT = YES;
			};
			name = Release;
		};
		078059882731D9E7006B2817 /* Debug */ = {
			isa = XCBuildConfiguration;
			buildSettings = {
				ASSETCATALOG_COMPILER_APPICON_NAME = AppIcon;
				ASSETCATALOG_COMPILER_GLOBAL_ACCENT_COLOR_NAME = AccentColor;
				CODE_SIGN_STYLE = Automatic;
				CURRENT_PROJECT_VERSION = 1;
				DEVELOPMENT_ASSET_PATHS = "CardWorkout-SwiftUI/Preview\\ Content";
				DEVELOPMENT_TEAM = 97RXCT5R7J;
				ENABLE_PREVIEWS = YES;
				GENERATE_INFOPLIST_FILE = YES;
				INFOPLIST_KEY_UIApplicationSceneManifest_Generation = YES;
				INFOPLIST_KEY_UIApplicationSupportsIndirectInputEvents = YES;
				INFOPLIST_KEY_UILaunchScreen_Generation = YES;
				INFOPLIST_KEY_UISupportedInterfaceOrientations_iPad = "UIInterfaceOrientationPortrait UIInterfaceOrientationPortraitUpsideDown UIInterfaceOrientationLandscapeLeft UIInterfaceOrientationLandscapeRight";
				INFOPLIST_KEY_UISupportedInterfaceOrientations_iPhone = "UIInterfaceOrientationPortrait UIInterfaceOrientationLandscapeLeft UIInterfaceOrientationLandscapeRight";
				LD_RUNPATH_SEARCH_PATHS = (
					"$(inherited)",
					"@executable_path/Frameworks",
				);
				MARKETING_VERSION = 1.0;
				PRODUCT_BUNDLE_IDENTIFIER = "com.doesnotexist.CardWorkout-SwiftUI";
				PRODUCT_NAME = "$(TARGET_NAME)";
				SWIFT_EMIT_LOC_STRINGS = YES;
				SWIFT_VERSION = 5.0;
				TARGETED_DEVICE_FAMILY = "1,2";
			};
			name = Debug;
		};
		078059892731D9E7006B2817 /* Release */ = {
			isa = XCBuildConfiguration;
			buildSettings = {
				ASSETCATALOG_COMPILER_APPICON_NAME = AppIcon;
				ASSETCATALOG_COMPILER_GLOBAL_ACCENT_COLOR_NAME = AccentColor;
				CODE_SIGN_STYLE = Automatic;
				CURRENT_PROJECT_VERSION = 1;
				DEVELOPMENT_ASSET_PATHS = "CardWorkout-SwiftUI/Preview\\ Content";
				DEVELOPMENT_TEAM = 97RXCT5R7J;
				ENABLE_PREVIEWS = YES;
				GENERATE_INFOPLIST_FILE = YES;
				INFOPLIST_KEY_UIApplicationSceneManifest_Generation = YES;
				INFOPLIST_KEY_UIApplicationSupportsIndirectInputEvents = YES;
				INFOPLIST_KEY_UILaunchScreen_Generation = YES;
				INFOPLIST_KEY_UISupportedInterfaceOrientations_iPad = "UIInterfaceOrientationPortrait UIInterfaceOrientationPortraitUpsideDown UIInterfaceOrientationLandscapeLeft UIInterfaceOrientationLandscapeRight";
				INFOPLIST_KEY_UISupportedInterfaceOrientations_iPhone = "UIInterfaceOrientationPortrait UIInterfaceOrientationLandscapeLeft UIInterfaceOrientationLandscapeRight";
				LD_RUNPATH_SEARCH_PATHS = (
					"$(inherited)",
					"@executable_path/Frameworks",
				);
				MARKETING_VERSION = 1.0;
				PRODUCT_BUNDLE_IDENTIFIER = "com.doesnotexist.CardWorkout-SwiftUI";
				PRODUCT_NAME = "$(TARGET_NAME)";
				SWIFT_EMIT_LOC_STRINGS = YES;
				SWIFT_VERSION = 5.0;
				TARGETED_DEVICE_FAMILY = "1,2";
			};
			name = Release;
		};
/* End XCBuildConfiguration section */

/* Begin XCConfigurationList section */
		078059742731D9E5006B2817 /* Build configuration list for PBXProject "CardWorkout-SwiftUI" */ = {
			isa = XCConfigurationList;
			buildConfigurations = (
				078059852731D9E7006B2817 /* Debug */,
				078059862731D9E7006B2817 /* Release */,
			);
			defaultConfigurationIsVisible = 0;
			defaultConfigurationName = Release;
		};
		078059872731D9E7006B2817 /* Build configuration list for PBXNativeTarget "CardWorkout-SwiftUI" */ = {
			isa = XCConfigurationList;
			buildConfigurations = (
				078059882731D9E7006B2817 /* Debug */,
				078059892731D9E7006B2817 /* Release */,
			);
			defaultConfigurationIsVisible = 0;
			defaultConfigurationName = Release;
		};
/* End XCConfigurationList section */
	};
	rootObject = 078059712731D9E5006B2817 /* Project object */;
}
